// !$*UTF8*$!
{
	archiveVersion = 1;
	classes = {
	};
	objectVersion = 46;
	objects = {

/* Begin PBXBuildFile section */
		AC1A706C1AE9349B00210FCF /* main.m in Sources */ = {isa = PBXBuildFile; fileRef = AC1A706B1AE9349B00210FCF /* main.m */; };
		AC1A706F1AE9349B00210FCF /* AppDelegate.m in Sources */ = {isa = PBXBuildFile; fileRef = AC1A706E1AE9349B00210FCF /* AppDelegate.m */; };
		AC1A70721AE9349B00210FCF /* ViewController.m in Sources */ = {isa = PBXBuildFile; fileRef = AC1A70711AE9349B00210FCF /* ViewController.m */; };
		AC1A70751AE9349B00210FCF /* Main.storyboard in Resources */ = {isa = PBXBuildFile; fileRef = AC1A70731AE9349B00210FCF /* Main.storyboard */; };
		AC1A70771AE9349B00210FCF /* Images.xcassets in Resources */ = {isa = PBXBuildFile; fileRef = AC1A70761AE9349B00210FCF /* Images.xcassets */; };
		AC1A707A1AE9349B00210FCF /* LaunchScreen.xib in Resources */ = {isa = PBXBuildFile; fileRef = AC1A70781AE9349B00210FCF /* LaunchScreen.xib */; };
		AC1A70861AE9349B00210FCF /* eloiAppBaseTests.m in Sources */ = {isa = PBXBuildFile; fileRef = AC1A70851AE9349B00210FCF /* eloiAppBaseTests.m */; };
		AC1A70921AE9369E00210FCF /* Person.m in Sources */ = {isa = PBXBuildFile; fileRef = AC1A70911AE9369E00210FCF /* Person.m */; };
		ACFFE1531AE96C0500014ED7 /* EEBase.m in Sources */ = {isa = PBXBuildFile; fileRef = ACFFE1521AE96C0500014ED7 /* EEBase.m */; };
/* End PBXBuildFile section */

/* Begin PBXContainerItemProxy section */
		AC1A70801AE9349B00210FCF /* PBXContainerItemProxy */ = {
			isa = PBXContainerItemProxy;
			containerPortal = AC1A705E1AE9349B00210FCF /* Project object */;
			proxyType = 1;
			remoteGlobalIDString = AC1A70651AE9349B00210FCF;
			remoteInfo = eloiAppBase;
		};
/* End PBXContainerItemProxy section */

/* Begin PBXFileReference section */
		AC1A70661AE9349B00210FCF /* eloiAppBase.app */ = {isa = PBXFileReference; explicitFileType = wrapper.application; includeInIndex = 0; path = eloiAppBase.app; sourceTree = BUILT_PRODUCTS_DIR; };
		AC1A706A1AE9349B00210FCF /* Info.plist */ = {isa = PBXFileReference; lastKnownFileType = text.plist.xml; path = Info.plist; sourceTree = "<group>"; };
		AC1A706B1AE9349B00210FCF /* main.m */ = {isa = PBXFileReference; lastKnownFileType = sourcecode.c.objc; path = main.m; sourceTree = "<group>"; };
		AC1A706D1AE9349B00210FCF /* AppDelegate.h */ = {isa = PBXFileReference; lastKnownFileType = sourcecode.c.h; path = AppDelegate.h; sourceTree = "<group>"; };
		AC1A706E1AE9349B00210FCF /* AppDelegate.m */ = {isa = PBXFileReference; lastKnownFileType = sourcecode.c.objc; path = AppDelegate.m; sourceTree = "<group>"; };
		AC1A70701AE9349B00210FCF /* ViewController.h */ = {isa = PBXFileReference; lastKnownFileType = sourcecode.c.h; path = ViewController.h; sourceTree = "<group>"; };
		AC1A70711AE9349B00210FCF /* ViewController.m */ = {isa = PBXFileReference; lastKnownFileType = sourcecode.c.objc; path = ViewController.m; sourceTree = "<group>"; };
		AC1A70741AE9349B00210FCF /* Base */ = {isa = PBXFileReference; lastKnownFileType = file.storyboard; name = Base; path = Base.lproj/Main.storyboard; sourceTree = "<group>"; };
		AC1A70761AE9349B00210FCF /* Images.xcassets */ = {isa = PBXFileReference; lastKnownFileType = folder.assetcatalog; path = Images.xcassets; sourceTree = "<group>"; };
		AC1A70791AE9349B00210FCF /* Base */ = {isa = PBXFileReference; lastKnownFileType = file.xib; name = Base; path = Base.lproj/LaunchScreen.xib; sourceTree = "<group>"; };
		AC1A707F1AE9349B00210FCF /* eloiAppBaseTests.xctest */ = {isa = PBXFileReference; explicitFileType = wrapper.cfbundle; includeInIndex = 0; path = eloiAppBaseTests.xctest; sourceTree = BUILT_PRODUCTS_DIR; };
		AC1A70841AE9349B00210FCF /* Info.plist */ = {isa = PBXFileReference; lastKnownFileType = text.plist.xml; path = Info.plist; sourceTree = "<group>"; };
		AC1A70851AE9349B00210FCF /* eloiAppBaseTests.m */ = {isa = PBXFileReference; lastKnownFileType = sourcecode.c.objc; path = eloiAppBaseTests.m; sourceTree = "<group>"; };
		AC1A70901AE9369E00210FCF /* Person.h */ = {isa = PBXFileReference; fileEncoding = 4; lastKnownFileType = sourcecode.c.h; name = Person.h; path = Classes/Person.h; sourceTree = "<group>"; };
		AC1A70911AE9369E00210FCF /* Person.m */ = {isa = PBXFileReference; fileEncoding = 4; lastKnownFileType = sourcecode.c.objc; name = Person.m; path = Classes/Person.m; sourceTree = "<group>"; };
		ACFFE1511AE96C0500014ED7 /* EEBase.h */ = {isa = PBXFileReference; fileEncoding = 4; lastKnownFileType = sourcecode.c.h; path = EEBase.h; sourceTree = "<group>"; };
		ACFFE1521AE96C0500014ED7 /* EEBase.m */ = {isa = PBXFileReference; fileEncoding = 4; lastKnownFileType = sourcecode.c.objc; path = EEBase.m; sourceTree = "<group>"; };
/* End PBXFileReference section */

/* Begin PBXFrameworksBuildPhase section */
		AC1A70631AE9349B00210FCF /* Frameworks */ = {
			isa = PBXFrameworksBuildPhase;
			buildActionMask = 2147483647;
			files = (
			);
			runOnlyForDeploymentPostprocessing = 0;
		};
		AC1A707C1AE9349B00210FCF /* Frameworks */ = {
			isa = PBXFrameworksBuildPhase;
			buildActionMask = 2147483647;
			files = (
			);
			runOnlyForDeploymentPostprocessing = 0;
		};
/* End PBXFrameworksBuildPhase section */

/* Begin PBXGroup section */
		AC1A705D1AE9349B00210FCF = {
			isa = PBXGroup;
			children = (
				ACFFE1511AE96C0500014ED7 /* EEBase.h */,
				ACFFE1521AE96C0500014ED7 /* EEBase.m */,
				AC1A70681AE9349B00210FCF /* eloiAppBase */,
				AC1A70821AE9349B00210FCF /* eloiAppBaseTests */,
				AC1A70671AE9349B00210FCF /* Products */,
			);
			sourceTree = "<group>";
		};
		AC1A70671AE9349B00210FCF /* Products */ = {
			isa = PBXGroup;
			children = (
				AC1A70661AE9349B00210FCF /* eloiAppBase.app */,
				AC1A707F1AE9349B00210FCF /* eloiAppBaseTests.xctest */,
			);
			name = Products;
			sourceTree = "<group>";
		};
		AC1A70681AE9349B00210FCF /* eloiAppBase */ = {
			isa = PBXGroup;
			children = (
				AC1A708F1AE9368400210FCF /* Classes */,
				AC1A706D1AE9349B00210FCF /* AppDelegate.h */,
				AC1A706E1AE9349B00210FCF /* AppDelegate.m */,
				AC1A70701AE9349B00210FCF /* ViewController.h */,
				AC1A70711AE9349B00210FCF /* ViewController.m */,
				AC1A70731AE9349B00210FCF /* Main.storyboard */,
				AC1A70761AE9349B00210FCF /* Images.xcassets */,
				AC1A70781AE9349B00210FCF /* LaunchScreen.xib */,
				AC1A70691AE9349B00210FCF /* Supporting Files */,
			);
			path = eloiAppBase;
			sourceTree = "<group>";
		};
		AC1A70691AE9349B00210FCF /* Supporting Files */ = {
			isa = PBXGroup;
			children = (
				AC1A706A1AE9349B00210FCF /* Info.plist */,
				AC1A706B1AE9349B00210FCF /* main.m */,
			);
			name = "Supporting Files";
			sourceTree = "<group>";
		};
		AC1A70821AE9349B00210FCF /* eloiAppBaseTests */ = {
			isa = PBXGroup;
			children = (
				AC1A70851AE9349B00210FCF /* eloiAppBaseTests.m */,
				AC1A70831AE9349B00210FCF /* Supporting Files */,
			);
			path = eloiAppBaseTests;
			sourceTree = "<group>";
		};
		AC1A70831AE9349B00210FCF /* Supporting Files */ = {
			isa = PBXGroup;
			children = (
				AC1A70841AE9349B00210FCF /* Info.plist */,
			);
			name = "Supporting Files";
			sourceTree = "<group>";
		};
		AC1A708F1AE9368400210FCF /* Classes */ = {
			isa = PBXGroup;
			children = (
				AC1A70901AE9369E00210FCF /* Person.h */,
				AC1A70911AE9369E00210FCF /* Person.m */,
			);
			name = Classes;
			sourceTree = "<group>";
		};
/* End PBXGroup section */

/* Begin PBXNativeTarget section */
		AC1A70651AE9349B00210FCF /* eloiAppBase */ = {
			isa = PBXNativeTarget;
			buildConfigurationList = AC1A70891AE9349B00210FCF /* Build configuration list for PBXNativeTarget "eloiAppBase" */;
			buildPhases = (
				AC1A70621AE9349B00210FCF /* Sources */,
				AC1A70631AE9349B00210FCF /* Frameworks */,
				AC1A70641AE9349B00210FCF /* Resources */,
			);
			buildRules = (
			);
			dependencies = (
			);
			name = eloiAppBase;
			productName = eloiAppBase;
			productReference = AC1A70661AE9349B00210FCF /* eloiAppBase.app */;
			productType = "com.apple.product-type.application";
		};
		AC1A707E1AE9349B00210FCF /* eloiAppBaseTests */ = {
			isa = PBXNativeTarget;
			buildConfigurationList = AC1A708C1AE9349B00210FCF /* Build configuration list for PBXNativeTarget "eloiAppBaseTests" */;
			buildPhases = (
				AC1A707B1AE9349B00210FCF /* Sources */,
				AC1A707C1AE9349B00210FCF /* Frameworks */,
				AC1A707D1AE9349B00210FCF /* Resources */,
			);
			buildRules = (
			);
			dependencies = (
				AC1A70811AE9349B00210FCF /* PBXTargetDependency */,
			);
			name = eloiAppBaseTests;
			productName = eloiAppBaseTests;
			productReference = AC1A707F1AE9349B00210FCF /* eloiAppBaseTests.xctest */;
			productType = "com.apple.product-type.bundle.unit-test";
		};
/* End PBXNativeTarget section */

/* Begin PBXProject section */
		AC1A705E1AE9349B00210FCF /* Project object */ = {
			isa = PBXProject;
			attributes = {
				LastUpgradeCheck = 0630;
				ORGANIZATIONNAME = "Emiliano Barbosa";
				TargetAttributes = {
					AC1A70651AE9349B00210FCF = {
						CreatedOnToolsVersion = 6.3;
					};
					AC1A707E1AE9349B00210FCF = {
						CreatedOnToolsVersion = 6.3;
						TestTargetID = AC1A70651AE9349B00210FCF;
					};
				};
			};
			buildConfigurationList = AC1A70611AE9349B00210FCF /* Build configuration list for PBXProject "eloiAppBase" */;
			compatibilityVersion = "Xcode 3.2";
			developmentRegion = English;
			hasScannedForEncodings = 0;
			knownRegions = (
				en,
				Base,
			);
			mainGroup = AC1A705D1AE9349B00210FCF;
			productRefGroup = AC1A70671AE9349B00210FCF /* Products */;
			projectDirPath = "";
			projectRoot = "";
			targets = (
				AC1A70651AE9349B00210FCF /* eloiAppBase */,
				AC1A707E1AE9349B00210FCF /* eloiAppBaseTests */,
			);
		};
/* End PBXProject section */

/* Begin PBXResourcesBuildPhase section */
		AC1A70641AE9349B00210FCF /* Resources */ = {
			isa = PBXResourcesBuildPhase;
			buildActionMask = 2147483647;
			files = (
				AC1A70751AE9349B00210FCF /* Main.storyboard in Resources */,
				AC1A707A1AE9349B00210FCF /* LaunchScreen.xib in Resources */,
				AC1A70771AE9349B00210FCF /* Images.xcassets in Resources */,
			);
			runOnlyForDeploymentPostprocessing = 0;
		};
		AC1A707D1AE9349B00210FCF /* Resources */ = {
			isa = PBXResourcesBuildPhase;
			buildActionMask = 2147483647;
			files = (
			);
			runOnlyForDeploymentPostprocessing = 0;
		};
/* End PBXResourcesBuildPhase section */

/* Begin PBXSourcesBuildPhase section */
		AC1A70621AE9349B00210FCF /* Sources */ = {
			isa = PBXSourcesBuildPhase;
			buildActionMask = 2147483647;
			files = (
				AC1A70721AE9349B00210FCF /* ViewController.m in Sources */,
				AC1A706F1AE9349B00210FCF /* AppDelegate.m in Sources */,
				AC1A70921AE9369E00210FCF /* Person.m in Sources */,
				AC1A706C1AE9349B00210FCF /* main.m in Sources */,
				ACFFE1531AE96C0500014ED7 /* EEBase.m in Sources */,
			);
			runOnlyForDeploymentPostprocessing = 0;
		};
		AC1A707B1AE9349B00210FCF /* Sources */ = {
			isa = PBXSourcesBuildPhase;
			buildActionMask = 2147483647;
			files = (
				AC1A70861AE9349B00210FCF /* eloiAppBaseTests.m in Sources */,
			);
			runOnlyForDeploymentPostprocessing = 0;
		};
/* End PBXSourcesBuildPhase section */

/* Begin PBXTargetDependency section */
		AC1A70811AE9349B00210FCF /* PBXTargetDependency */ = {
			isa = PBXTargetDependency;
			target = AC1A70651AE9349B00210FCF /* eloiAppBase */;
			targetProxy = AC1A70801AE9349B00210FCF /* PBXContainerItemProxy */;
		};
/* End PBXTargetDependency section */

/* Begin PBXVariantGroup section */
		AC1A70731AE9349B00210FCF /* Main.storyboard */ = {
			isa = PBXVariantGroup;
			children = (
				AC1A70741AE9349B00210FCF /* Base */,
			);
			name = Main.storyboard;
			sourceTree = "<group>";
		};
		AC1A70781AE9349B00210FCF /* LaunchScreen.xib */ = {
			isa = PBXVariantGroup;
			children = (
				AC1A70791AE9349B00210FCF /* Base */,
			);
			name = LaunchScreen.xib;
			sourceTree = "<group>";
		};
/* End PBXVariantGroup section */

/* Begin XCBuildConfiguration section */
		AC1A70871AE9349B00210FCF /* Debug */ = {
			isa = XCBuildConfiguration;
			buildSettings = {
				ALWAYS_SEARCH_USER_PATHS = NO;
				CLANG_CXX_LANGUAGE_STANDARD = "gnu++0x";
				CLANG_CXX_LIBRARY = "libc++";
				CLANG_ENABLE_MODULES = YES;
				CLANG_ENABLE_OBJC_ARC = YES;
				CLANG_WARN_BOOL_CONVERSION = YES;
				CLANG_WARN_CONSTANT_CONVERSION = YES;
				CLANG_WARN_DIRECT_OBJC_ISA_USAGE = YES_ERROR;
				CLANG_WARN_EMPTY_BODY = YES;
				CLANG_WARN_ENUM_CONVERSION = YES;
				CLANG_WARN_INT_CONVERSION = YES;
				CLANG_WARN_OBJC_ROOT_CLASS = YES_ERROR;
				CLANG_WARN_UNREACHABLE_CODE = YES;
				CLANG_WARN__DUPLICATE_METHOD_MATCH = YES;
				"CODE_SIGN_IDENTITY[sdk=iphoneos*]" = "iPhone Developer";
				COPY_PHASE_STRIP = NO;
				DEBUG_INFORMATION_FORMAT = "dwarf-with-dsym";
				ENABLE_STRICT_OBJC_MSGSEND = YES;
				GCC_C_LANGUAGE_STANDARD = gnu99;
				GCC_DYNAMIC_NO_PIC = NO;
				GCC_NO_COMMON_BLOCKS = YES;
				GCC_OPTIMIZATION_LEVEL = 0;
				GCC_PREPROCESSOR_DEFINITIONS = (
					"DEBUG=1",
					"$(inherited)",
				);
				GCC_SYMBOLS_PRIVATE_EXTERN = NO;
				GCC_WARN_64_TO_32_BIT_CONVERSION = YES;
				GCC_WARN_ABOUT_RETURN_TYPE = YES_ERROR;
				GCC_WARN_UNDECLARED_SELECTOR = YES;
				GCC_WARN_UNINITIALIZED_AUTOS = YES_AGGRESSIVE;
				GCC_WARN_UNUSED_FUNCTION = YES;
				GCC_WARN_UNUSED_VARIABLE = YES;
				IPHONEOS_DEPLOYMENT_TARGET = 8.3;
				MTL_ENABLE_DEBUG_INFO = YES;
				ONLY_ACTIVE_ARCH = YES;
				SDKROOT = iphoneos;
				TARGETED_DEVICE_FAMILY = "1,2";
			};
			name = Debug;
		};
		AC1A70881AE9349B00210FCF /* Release */ = {
			isa = XCBuildConfiguration;
			buildSettings = {
				ALWAYS_SEARCH_USER_PATHS = NO;
				CLANG_CXX_LANGUAGE_STANDARD = "gnu++0x";
				CLANG_CXX_LIBRARY = "libc++";
				CLANG_ENABLE_MODULES = YES;
				CLANG_ENABLE_OBJC_ARC = YES;
				CLANG_WARN_BOOL_CONVERSION = YES;
				CLANG_WARN_CONSTANT_CONVERSION = YES;
				CLANG_WARN_DIRECT_OBJC_ISA_USAGE = YES_ERROR;
				CLANG_WARN_EMPTY_BODY = YES;
				CLANG_WARN_ENUM_CONVERSION = YES;
				CLANG_WARN_INT_CONVERSION = YES;
				CLANG_WARN_OBJC_ROOT_CLASS = YES_ERROR;
				CLANG_WARN_UNREACHABLE_CODE = YES;
				CLANG_WARN__DUPLICATE_METHOD_MATCH = YES;
				"CODE_SIGN_IDENTITY[sdk=iphoneos*]" = "iPhone Developer";
				COPY_PHASE_STRIP = NO;
				DEBUG_INFORMATION_FORMAT = "dwarf-with-dsym";
				ENABLE_NS_ASSERTIONS = NO;
				ENABLE_STRICT_OBJC_MSGSEND = YES;
				GCC_C_LANGUAGE_STANDARD = gnu99;
				GCC_NO_COMMON_BLOCKS = YES;
				GCC_WARN_64_TO_32_BIT_CONVERSION = YES;
				GCC_WARN_ABOUT_RETURN_TYPE = YES_ERROR;
				GCC_WARN_UNDECLARED_SELECTOR = YES;
				GCC_WARN_UNINITIALIZED_AUTOS = YES_AGGRESSIVE;
				GCC_WARN_UNUSED_FUNCTION = YES;
				GCC_WARN_UNUSED_VARIABLE = YES;
				IPHONEOS_DEPLOYMENT_TARGET = 8.3;
				MTL_ENABLE_DEBUG_INFO = NO;
				SDKROOT = iphoneos;
				TARGETED_DEVICE_FAMILY = "1,2";
				VALIDATE_PRODUCT = YES;
			};
			name = Release;
		};
		AC1A708A1AE9349B00210FCF /* Debug */ = {
			isa = XCBuildConfiguration;
			buildSettings = {
				ASSETCATALOG_COMPILER_APPICON_NAME = AppIcon;
				INFOPLIST_FILE = eloiAppBase/Info.plist;
				IPHONEOS_DEPLOYMENT_TARGET = 7.0;
				LD_RUNPATH_SEARCH_PATHS = "$(inherited) @executable_path/Frameworks";
				PRODUCT_NAME = "$(TARGET_NAME)";
			};
			name = Debug;
		};
		AC1A708B1AE9349B00210FCF /* Release */ = {
			isa = XCBuildConfiguration;
			buildSettings = {
				ASSETCATALOG_COMPILER_APPICON_NAME = AppIcon;
				INFOPLIST_FILE = eloiAppBase/Info.plist;
				IPHONEOS_DEPLOYMENT_TARGET = 7.0;
				LD_RUNPATH_SEARCH_PATHS = "$(inherited) @executable_path/Frameworks";
				PRODUCT_NAME = "$(TARGET_NAME)";
			};
			name = Release;
		};
		AC1A708D1AE9349B00210FCF /* Debug */ = {
			isa = XCBuildConfiguration;
			buildSettings = {
				BUNDLE_LOADER = "$(TEST_HOST)";
				FRAMEWORK_SEARCH_PATHS = (
					"$(SDKROOT)/Developer/Library/Frameworks",
					"$(inherited)",
				);
				GCC_PREPROCESSOR_DEFINITIONS = (
					"DEBUG=1",
					"$(inherited)",
				);
				INFOPLIST_FILE = eloiAppBaseTests/Info.plist;
				LD_RUNPATH_SEARCH_PATHS = "$(inherited) @executable_path/Frameworks @loader_path/Frameworks";
				PRODUCT_NAME = "$(TARGET_NAME)";
				TEST_HOST = "$(BUILT_PRODUCTS_DIR)/eloiAppBase.app/eloiAppBase";
			};
			name = Debug;
		};
		AC1A708E1AE9349B00210FCF /* Release */ = {
			isa = XCBuildConfiguration;
			buildSettings = {
				BUNDLE_LOADER = "$(TEST_HOST)";
				FRAMEWORK_SEARCH_PATHS = (
					"$(SDKROOT)/Developer/Library/Frameworks",
					"$(inherited)",
				);
				INFOPLIST_FILE = eloiAppBaseTests/Info.plist;
				LD_RUNPATH_SEARCH_PATHS = "$(inherited) @executable_path/Frameworks @loader_path/Frameworks";
				PRODUCT_NAME = "$(TARGET_NAME)";
				TEST_HOST = "$(BUILT_PRODUCTS_DIR)/eloiAppBase.app/eloiAppBase";
			};
			name = Release;
		};
/* End XCBuildConfiguration section */

/* Begin XCConfigurationList section */
		AC1A70611AE9349B00210FCF /* Build configuration list for PBXProject "eloiAppBase" */ = {
			isa = XCConfigurationList;
			buildConfigurations = (
				AC1A70871AE9349B00210FCF /* Debug */,
				AC1A70881AE9349B00210FCF /* Release */,
			);
			defaultConfigurationIsVisible = 0;
			defaultConfigurationName = Release;
		};
		AC1A70891AE9349B00210FCF /* Build configuration list for PBXNativeTarget "eloiAppBase" */ = {
			isa = XCConfigurationList;
			buildConfigurations = (
				AC1A708A1AE9349B00210FCF /* Debug */,
				AC1A708B1AE9349B00210FCF /* Release */,
			);
			defaultConfigurationIsVisible = 0;
			defaultConfigurationName = Release;
		};
		AC1A708C1AE9349B00210FCF /* Build configuration list for PBXNativeTarget "eloiAppBaseTests" */ = {
			isa = XCConfigurationList;
			buildConfigurations = (
				AC1A708D1AE9349B00210FCF /* Debug */,
				AC1A708E1AE9349B00210FCF /* Release */,
			);
			defaultConfigurationIsVisible = 0;
			defaultConfigurationName = Release;
		};
/* End XCConfigurationList section */
	};
	rootObject = AC1A705E1AE9349B00210FCF /* Project object */;
}
